
Microsoft Visual Studio Solution File, Format Version 12.00
# Visual Studio Version 16
VisualStudioVersion = 16.0.30621.155
MinimumVisualStudioVersion = 10.0.40219.1
Project("{FAE04EC0-301F-11D3-BF4B-00C04F79EFBC}") = "Client", "Pet Project\Client.csproj", "{D538C39B-D613-4A11-AAEF-D74A04892750}"
EndProject
Project("{FAE04EC0-301F-11D3-BF4B-00C04F79EFBC}") = "Server", "Server\Server.csproj", "{A7321872-1C6A-4A3A-92A6-EABD92E6FA45}"
EndProject
Global
	GlobalSection(SolutionConfigurationPlatforms) = preSolution
		Debug|Any CPU = Debug|Any CPU
		Release|Any CPU = Release|Any CPU
	EndGlobalSection
	GlobalSection(ProjectConfigurationPlatforms) = postSolution
		{D538C39B-D613-4A11-AAEF-D74A04892750}.Debug|Any CPU.ActiveCfg = Debug|Any CPU
		{D538C39B-D613-4A11-AAEF-D74A04892750}.Debug|Any CPU.Build.0 = Debug|Any CPU
		{D538C39B-D613-4A11-AAEF-D74A04892750}.Release|Any CPU.ActiveCfg = Release|Any CPU
		{D538C39B-D613-4A11-AAEF-D74A04892750}.Release|Any CPU.Build.0 = Release|Any CPU
		{A7321872-1C6A-4A3A-92A6-EABD92E6FA45}.Debug|Any CPU.ActiveCfg = Debug|Any CPU
		{A7321872-1C6A-4A3A-92A6-EABD92E6FA45}.Debug|Any CPU.Build.0 = Debug|Any CPU
		{A7321872-1C6A-4A3A-92A6-EABD92E6FA45}.Release|Any CPU.ActiveCfg = Release|Any CPU
		{A7321872-1C6A-4A3A-92A6-EABD92E6FA45}.Release|Any CPU.Build.0 = Release|Any CPU
	EndGlobalSection
	GlobalSection(SolutionProperties) = preSolution
		HideSolutionNode = FALSE
	EndGlobalSection
	GlobalSection(ExtensibilityGlobals) = postSolution
		SolutionGuid = {F22E51DC-C21A-4107-98F5-6D077BADF3A1}
	EndGlobalSection
EndGlobal
